
Microsoft Visual Studio Solution File, Format Version 12.00
# Visual Studio Version 16
VisualStudioVersion = 16.0.30413.136
MinimumVisualStudioVersion = 10.0.40219.1
Project("{9A19103F-16F7-4668-BE54-9A1E7A4F7556}") = "WebApplication2", "WebApplication2\WebApplication2.csproj", "{9F491203-00FA-4CA0-878D-E14A84673BAD}"
EndProject
Global
	GlobalSection(SolutionConfigurationPlatforms) = preSolution
		Debug|Any CPU = Debug|Any CPU
		Release|Any CPU = Release|Any CPU
	EndGlobalSection
	GlobalSection(ProjectConfigurationPlatforms) = postSolution
		{9F491203-00FA-4CA0-878D-E14A84673BAD}.Debug|Any CPU.ActiveCfg = Debug|Any CPU
		{9F491203-00FA-4CA0-878D-E14A84673BAD}.Debug|Any CPU.Build.0 = Debug|Any CPU
		{9F491203-00FA-4CA0-878D-E14A84673BAD}.Release|Any CPU.ActiveCfg = Release|Any CPU
		{9F491203-00FA-4CA0-878D-E14A84673BAD}.Release|Any CPU.Build.0 = Release|Any CPU
	EndGlobalSection
	GlobalSection(SolutionProperties) = preSolution
		HideSolutionNode = FALSE
	EndGlobalSection
	GlobalSection(ExtensibilityGlobals) = postSolution
		SolutionGuid = {3F56582E-338F-41E3-B5F6-BD4909462A70}
	EndGlobalSection
EndGlobal
